
Microsoft Visual Studio Solution File, Format Version 12.00
# Visual Studio Version 16
VisualStudioVersion = 16.0.31829.152
MinimumVisualStudioVersion = 10.0.40219.1
Project("{FAE04EC0-301F-11D3-BF4B-00C04F79EFBC}") = "SimpleNumbersApp", "SimpleNumbersApp\SimpleNumbersApp.csproj", "{83C4B116-23A0-49D5-AA5C-7C8B59689C0F}"
EndProject
Global
	GlobalSection(SolutionConfigurationPlatforms) = preSolution
		Debug|Any CPU = Debug|Any CPU
		Release|Any CPU = Release|Any CPU
	EndGlobalSection
	GlobalSection(ProjectConfigurationPlatforms) = postSolution
		{83C4B116-23A0-49D5-AA5C-7C8B59689C0F}.Debug|Any CPU.ActiveCfg = Debug|Any CPU
		{83C4B116-23A0-49D5-AA5C-7C8B59689C0F}.Debug|Any CPU.Build.0 = Debug|Any CPU
		{83C4B116-23A0-49D5-AA5C-7C8B59689C0F}.Release|Any CPU.ActiveCfg = Release|Any CPU
		{83C4B116-23A0-49D5-AA5C-7C8B59689C0F}.Release|Any CPU.Build.0 = Release|Any CPU
	EndGlobalSection
	GlobalSection(SolutionProperties) = preSolution
		HideSolutionNode = FALSE
	EndGlobalSection
	GlobalSection(ExtensibilityGlobals) = postSolution
		SolutionGuid = {E4397FD1-83F4-4736-BE43-69C8BCE888C0}
	EndGlobalSection
EndGlobal
